
Microsoft Visual Studio Solution File, Format Version 12.00
# Visual Studio Version 17
VisualStudioVersion = 17.4.33205.214
MinimumVisualStudioVersion = 10.0.40219.1
Project("{9A19103F-16F7-4668-BE54-9A1E7A4F7556}") = "Ps.Ecomm", "Ps.Ecomm\Ps.Ecomm.csproj", "{81B8D12C-39B4-47C9-ABCC-615C49303710}"
EndProject
Project("{9A19103F-16F7-4668-BE54-9A1E7A4F7556}") = "Ps.Ecomm.DataAccess", "Ps.Ecomm.DataAccess\Ps.Ecomm.DataAccess.csproj", "{155050B5-0935-49BA-BAB7-D380705AAF6C}"
EndProject
Project("{9A19103F-16F7-4668-BE54-9A1E7A4F7556}") = "Ps.Ecomm.Models", "Ps.Ecomm.Models\Ps.Ecomm.Models.csproj", "{D2941CD8-D9E0-426F-89F5-10AD5ADD1BCD}"
EndProject
Global
	GlobalSection(SolutionConfigurationPlatforms) = preSolution
		Debug|Any CPU = Debug|Any CPU
		Release|Any CPU = Release|Any CPU
	EndGlobalSection
	GlobalSection(ProjectConfigurationPlatforms) = postSolution
		{81B8D12C-39B4-47C9-ABCC-615C49303710}.Debug|Any CPU.ActiveCfg = Debug|Any CPU
		{81B8D12C-39B4-47C9-ABCC-615C49303710}.Debug|Any CPU.Build.0 = Debug|Any CPU
		{81B8D12C-39B4-47C9-ABCC-615C49303710}.Release|Any CPU.ActiveCfg = Release|Any CPU
		{81B8D12C-39B4-47C9-ABCC-615C49303710}.Release|Any CPU.Build.0 = Release|Any CPU
		{155050B5-0935-49BA-BAB7-D380705AAF6C}.Debug|Any CPU.ActiveCfg = Debug|Any CPU
		{155050B5-0935-49BA-BAB7-D380705AAF6C}.Debug|Any CPU.Build.0 = Debug|Any CPU
		{155050B5-0935-49BA-BAB7-D380705AAF6C}.Release|Any CPU.ActiveCfg = Release|Any CPU
		{155050B5-0935-49BA-BAB7-D380705AAF6C}.Release|Any CPU.Build.0 = Release|Any CPU
		{D2941CD8-D9E0-426F-89F5-10AD5ADD1BCD}.Debug|Any CPU.ActiveCfg = Debug|Any CPU
		{D2941CD8-D9E0-426F-89F5-10AD5ADD1BCD}.Debug|Any CPU.Build.0 = Debug|Any CPU
		{D2941CD8-D9E0-426F-89F5-10AD5ADD1BCD}.Release|Any CPU.ActiveCfg = Release|Any CPU
		{D2941CD8-D9E0-426F-89F5-10AD5ADD1BCD}.Release|Any CPU.Build.0 = Release|Any CPU
	EndGlobalSection
	GlobalSection(SolutionProperties) = preSolution
		HideSolutionNode = FALSE
	EndGlobalSection
	GlobalSection(ExtensibilityGlobals) = postSolution
		SolutionGuid = {6E5B4880-973F-490B-AC2D-C69AD57EA4E1}
	EndGlobalSection
EndGlobal
